{
  "name": "browser-test-tool",
  "version": "1.0.0",
  "lockfileVersion": 2,
  "requires": true,
  "packages": {
    "": {
      "name": "browser-test-tool",
      "version": "1.0.0",
      "license": "Apache-2.0",
      "dependencies": {
        "eme-encryption-scheme-polyfill": "2.0.1",
        "shaka-player": "3.0.2"
      },
      "devDependencies": {}
    },
    "node_modules/eme-encryption-scheme-polyfill": {
      "version": "2.0.1",
      "resolved": "https://registry.npmjs.org/eme-encryption-scheme-polyfill/-/eme-encryption-scheme-polyfill-2.0.1.tgz",
      "integrity": "sha512-Wz+Ro1c0/2Wsx2RLFvTOO0m4LvYn+7cSnq3XOvRvLLBq8jbvUACH/zpU9s0/5+mQa5oaelkU69x+q0z/iWYrFA=="
    },
    "node_modules/shaka-player": {
      "version": "3.0.2",
      "resolved": "https://registry.npmjs.org/shaka-player/-/shaka-player-3.0.2.tgz",
      "integrity": "sha512-GOVSnktrsRFS7dGPULDuk3fYwvht7MrNGaAD51XYQ2NhEE6x/cdO4P0x6aIp/9+83EJgSDdo/uvvaLUtOxSe7g==",
      "dependencies": {
        "eme-encryption-scheme-polyfill": "^2.0.1"
      }
    }
  },
  "dependencies": {
    "eme-encryption-scheme-polyfill": {
      "version": "2.0.1",
      "resolved": "https://registry.npmjs.org/eme-encryption-scheme-polyfill/-/eme-encryption-scheme-polyfill-2.0.1.tgz",
      "integrity": "sha512-Wz+Ro1c0/2Wsx2RLFvTOO0m4LvYn+7cSnq3XOvRvLLBq8jbvUACH/zpU9s0/5+mQa5oaelkU69x+q0z/iWYrFA=="
    },
    "shaka-player": {
      "version": "3.0.2",
      "resolved": "https://registry.npmjs.org/shaka-player/-/shaka-player-3.0.2.tgz",
      "integrity": "sha512-GOVSnktrsRFS7dGPULDuk3fYwvht7MrNGaAD51XYQ2NhEE6x/cdO4P0x6aIp/9+83EJgSDdo/uvvaLUtOxSe7g==",
      "requires": {
        "eme-encryption-scheme-polyfill": "^2.0.1"
      }
    }
  }
}
